// !$*UTF8*$!
{
	archiveVersion = 1;
	classes = {
	};
	objectVersion = 48;
	objects = {

/* Begin PBXBuildFile section */
		5B3174461F67DCEE00F32B0A /* csv.swift in Sources */ = {isa = PBXBuildFile; fileRef = 5B3174451F67DCED00F32B0A /* csv.swift */; };
		5B3174481F67E0D000F32B0A /* pokemon2.csv in Resources */ = {isa = PBXBuildFile; fileRef = 5B3174471F67E0CF00F32B0A /* pokemon2.csv */; };
		5B3E72B61F63F7DF004EA6A3 /* AppDelegate.swift in Sources */ = {isa = PBXBuildFile; fileRef = 5B3E72B51F63F7DF004EA6A3 /* AppDelegate.swift */; };
		5B3E72B81F63F7DF004EA6A3 /* ViewController.swift in Sources */ = {isa = PBXBuildFile; fileRef = 5B3E72B71F63F7DF004EA6A3 /* ViewController.swift */; };
		5B3E72BB1F63F7DF004EA6A3 /* Main.storyboard in Resources */ = {isa = PBXBuildFile; fileRef = 5B3E72B91F63F7DF004EA6A3 /* Main.storyboard */; };
		5B3E72BE1F63F7DF004EA6A3 /* Pokedex.xcdatamodeld in Sources */ = {isa = PBXBuildFile; fileRef = 5B3E72BC1F63F7DF004EA6A3 /* Pokedex.xcdatamodeld */; };
		5B3E72C01F63F7DF004EA6A3 /* Assets.xcassets in Resources */ = {isa = PBXBuildFile; fileRef = 5B3E72BF1F63F7DF004EA6A3 /* Assets.xcassets */; };
		5B3E72C31F63F7DF004EA6A3 /* LaunchScreen.storyboard in Resources */ = {isa = PBXBuildFile; fileRef = 5B3E72C11F63F7DF004EA6A3 /* LaunchScreen.storyboard */; };
		5B3E72CF1F652BBF004EA6A3 /* Pokemon.swift in Sources */ = {isa = PBXBuildFile; fileRef = 5B3E72CE1F652BBF004EA6A3 /* Pokemon.swift */; };
		5B3E72D61F65484B004EA6A3 /* PokeCell.swift in Sources */ = {isa = PBXBuildFile; fileRef = 5B3E72D51F65484B004EA6A3 /* PokeCell.swift */; };
		5B84D8511F7127DE0057AFA6 /* Pokemon Solid.ttf in Resources */ = {isa = PBXBuildFile; fileRef = 5BCB2C5E1F710E0B00BB899C /* Pokemon Solid.ttf */; };
		5B84D8551F712CAA0057AFA6 /* music.mp3 in Resources */ = {isa = PBXBuildFile; fileRef = 5B84D8541F7129420057AFA6 /* music.mp3 */; };
		5B9E369F1F728FB3008E13D9 /* DetailVC.swift in Sources */ = {isa = PBXBuildFile; fileRef = 5B9E369E1F728FB3008E13D9 /* DetailVC.swift */; };
/* End PBXBuildFile section */

/* Begin PBXFileReference section */
		5B3174451F67DCED00F32B0A /* csv.swift */ = {isa = PBXFileReference; lastKnownFileType = sourcecode.swift; path = csv.swift; sourceTree = "<group>"; };
		5B3174471F67E0CF00F32B0A /* pokemon2.csv */ = {isa = PBXFileReference; lastKnownFileType = text; path = pokemon2.csv; sourceTree = "<group>"; };
		5B3E72B21F63F7DF004EA6A3 /* Pokedex.app */ = {isa = PBXFileReference; explicitFileType = wrapper.application; includeInIndex = 0; path = Pokedex.app; sourceTree = BUILT_PRODUCTS_DIR; };
		5B3E72B51F63F7DF004EA6A3 /* AppDelegate.swift */ = {isa = PBXFileReference; lastKnownFileType = sourcecode.swift; path = AppDelegate.swift; sourceTree = "<group>"; };
		5B3E72B71F63F7DF004EA6A3 /* ViewController.swift */ = {isa = PBXFileReference; lastKnownFileType = sourcecode.swift; path = ViewController.swift; sourceTree = "<group>"; };
		5B3E72BA1F63F7DF004EA6A3 /* Base */ = {isa = PBXFileReference; lastKnownFileType = file.storyboard; name = Base; path = Base.lproj/Main.storyboard; sourceTree = "<group>"; };
		5B3E72BD1F63F7DF004EA6A3 /* Pokedex.xcdatamodel */ = {isa = PBXFileReference; lastKnownFileType = wrapper.xcdatamodel; path = Pokedex.xcdatamodel; sourceTree = "<group>"; };
		5B3E72BF1F63F7DF004EA6A3 /* Assets.xcassets */ = {isa = PBXFileReference; lastKnownFileType = folder.assetcatalog; path = Assets.xcassets; sourceTree = "<group>"; };
		5B3E72C21F63F7DF004EA6A3 /* Base */ = {isa = PBXFileReference; lastKnownFileType = file.storyboard; name = Base; path = Base.lproj/LaunchScreen.storyboard; sourceTree = "<group>"; };
		5B3E72C41F63F7DF004EA6A3 /* Info.plist */ = {isa = PBXFileReference; lastKnownFileType = text.plist.xml; path = Info.plist; sourceTree = "<group>"; };
		5B3E72CB1F6529B3004EA6A3 /* pokemon.csv */ = {isa = PBXFileReference; lastKnownFileType = text; path = pokemon.csv; sourceTree = "<group>"; };
		5B3E72CE1F652BBF004EA6A3 /* Pokemon.swift */ = {isa = PBXFileReference; lastKnownFileType = sourcecode.swift; path = Pokemon.swift; sourceTree = "<group>"; };
		5B3E72D51F65484B004EA6A3 /* PokeCell.swift */ = {isa = PBXFileReference; lastKnownFileType = sourcecode.swift; path = PokeCell.swift; sourceTree = "<group>"; };
		5B84D8521F7128850057AFA6 /* music.png */ = {isa = PBXFileReference; lastKnownFileType = image.png; path = music.png; sourceTree = "<group>"; };
		5B84D8531F7128A30057AFA6 /* back.png */ = {isa = PBXFileReference; lastKnownFileType = image.png; path = back.png; sourceTree = "<group>"; };
		5B84D8541F7129420057AFA6 /* music.mp3 */ = {isa = PBXFileReference; lastKnownFileType = audio.mp3; path = music.mp3; sourceTree = "<group>"; };
		5B9E369E1F728FB3008E13D9 /* DetailVC.swift */ = {isa = PBXFileReference; lastKnownFileType = sourcecode.swift; path = DetailVC.swift; sourceTree = "<group>"; };
		5BCB2C5E1F710E0B00BB899C /* Pokemon Solid.ttf */ = {isa = PBXFileReference; lastKnownFileType = file; path = "Pokemon Solid.ttf"; sourceTree = "<group>"; };
/* End PBXFileReference section */

/* Begin PBXFrameworksBuildPhase section */
		5B3E72AF1F63F7DF004EA6A3 /* Frameworks */ = {
			isa = PBXFrameworksBuildPhase;
			buildActionMask = 2147483647;
			files = (
			);
			runOnlyForDeploymentPostprocessing = 0;
		};
/* End PBXFrameworksBuildPhase section */

/* Begin PBXGroup section */
		5B3E72A91F63F7DF004EA6A3 = {
			isa = PBXGroup;
			children = (
				5B3E72B41F63F7DF004EA6A3 /* Pokedex */,
				5B3E72B31F63F7DF004EA6A3 /* Products */,
			);
			sourceTree = "<group>";
		};
		5B3E72B31F63F7DF004EA6A3 /* Products */ = {
			isa = PBXGroup;
			children = (
				5B3E72B21F63F7DF004EA6A3 /* Pokedex.app */,
			);
			name = Products;
			sourceTree = "<group>";
		};
		5B3E72B41F63F7DF004EA6A3 /* Pokedex */ = {
			isa = PBXGroup;
			children = (
				5B3E72CD1F652BA1004EA6A3 /* Models */,
				5B3E72D41F654810004EA6A3 /* View */,
				5BCB2C5F1F710E1600BB899C /* Controller */,
				5BCB2C601F710E2800BB899C /* Resources */,
				5B3E72B91F63F7DF004EA6A3 /* Main.storyboard */,
				5B3E72B51F63F7DF004EA6A3 /* AppDelegate.swift */,
				5B3E72BF1F63F7DF004EA6A3 /* Assets.xcassets */,
				5B3E72C11F63F7DF004EA6A3 /* LaunchScreen.storyboard */,
				5B3174451F67DCED00F32B0A /* csv.swift */,
				5B3E72C41F63F7DF004EA6A3 /* Info.plist */,
				5B3E72BC1F63F7DF004EA6A3 /* Pokedex.xcdatamodeld */,
			);
			path = Pokedex;
			sourceTree = "<group>";
		};
		5B3E72CD1F652BA1004EA6A3 /* Models */ = {
			isa = PBXGroup;
			children = (
				5B3E72CE1F652BBF004EA6A3 /* Pokemon.swift */,
			);
			path = Models;
			sourceTree = "<group>";
		};
		5B3E72D41F654810004EA6A3 /* View */ = {
			isa = PBXGroup;
			children = (
				5B3E72D51F65484B004EA6A3 /* PokeCell.swift */,
			);
			path = View;
			sourceTree = "<group>";
		};
		5BCB2C5F1F710E1600BB899C /* Controller */ = {
			isa = PBXGroup;
			children = (
				5B3E72B71F63F7DF004EA6A3 /* ViewController.swift */,
				5B9E369E1F728FB3008E13D9 /* DetailVC.swift */,
			);
			path = Controller;
			sourceTree = "<group>";
		};
		5BCB2C601F710E2800BB899C /* Resources */ = {
			isa = PBXGroup;
			children = (
				5BCB2C5E1F710E0B00BB899C /* Pokemon Solid.ttf */,
				5B3174471F67E0CF00F32B0A /* pokemon2.csv */,
				5B3E72CB1F6529B3004EA6A3 /* pokemon.csv */,
				5B84D8521F7128850057AFA6 /* music.png */,
				5B84D8531F7128A30057AFA6 /* back.png */,
				5B84D8541F7129420057AFA6 /* music.mp3 */,
			);
			path = Resources;
			sourceTree = "<group>";
		};
/* End PBXGroup section */

/* Begin PBXNativeTarget section */
		5B3E72B11F63F7DF004EA6A3 /* Pokedex */ = {
			isa = PBXNativeTarget;
			buildConfigurationList = 5B3E72C71F63F7DF004EA6A3 /* Build configuration list for PBXNativeTarget "Pokedex" */;
			buildPhases = (
				5B3E72AE1F63F7DF004EA6A3 /* Sources */,
				5B3E72AF1F63F7DF004EA6A3 /* Frameworks */,
				5B3E72B01F63F7DF004EA6A3 /* Resources */,
			);
			buildRules = (
			);
			dependencies = (
			);
			name = Pokedex;
			productName = Pokedex;
			productReference = 5B3E72B21F63F7DF004EA6A3 /* Pokedex.app */;
			productType = "com.apple.product-type.application";
		};
/* End PBXNativeTarget section */

/* Begin PBXProject section */
		5B3E72AA1F63F7DF004EA6A3 /* Project object */ = {
			isa = PBXProject;
			attributes = {
				LastSwiftUpdateCheck = 0900;
				LastUpgradeCheck = 0900;
				ORGANIZATIONNAME = "Jaskeerat Singh Bhatia";
				TargetAttributes = {
					5B3E72B11F63F7DF004EA6A3 = {
						CreatedOnToolsVersion = 9.0;
					};
				};
			};
			buildConfigurationList = 5B3E72AD1F63F7DF004EA6A3 /* Build configuration list for PBXProject "Pokedex" */;
			compatibilityVersion = "Xcode 8.0";
			developmentRegion = en;
			hasScannedForEncodings = 0;
			knownRegions = (
				en,
				Base,
			);
			mainGroup = 5B3E72A91F63F7DF004EA6A3;
			productRefGroup = 5B3E72B31F63F7DF004EA6A3 /* Products */;
			projectDirPath = "";
			projectRoot = "";
			targets = (
				5B3E72B11F63F7DF004EA6A3 /* Pokedex */,
			);
		};
/* End PBXProject section */

/* Begin PBXResourcesBuildPhase section */
		5B3E72B01F63F7DF004EA6A3 /* Resources */ = {
			isa = PBXResourcesBuildPhase;
			buildActionMask = 2147483647;
			files = (
				5B84D8551F712CAA0057AFA6 /* music.mp3 in Resources */,
				5B84D8511F7127DE0057AFA6 /* Pokemon Solid.ttf in Resources */,
				5B3E72C31F63F7DF004EA6A3 /* LaunchScreen.storyboard in Resources */,
				5B3174481F67E0D000F32B0A /* pokemon2.csv in Resources */,
				5B3E72C01F63F7DF004EA6A3 /* Assets.xcassets in Resources */,
				5B3E72BB1F63F7DF004EA6A3 /* Main.storyboard in Resources */,
			);
			runOnlyForDeploymentPostprocessing = 0;
		};
/* End PBXResourcesBuildPhase section */

/* Begin PBXSourcesBuildPhase section */
		5B3E72AE1F63F7DF004EA6A3 /* Sources */ = {
			isa = PBXSourcesBuildPhase;
			buildActionMask = 2147483647;
			files = (
				5B3174461F67DCEE00F32B0A /* csv.swift in Sources */,
				5B3E72B81F63F7DF004EA6A3 /* ViewController.swift in Sources */,
				5B3E72CF1F652BBF004EA6A3 /* Pokemon.swift in Sources */,
				5B3E72BE1F63F7DF004EA6A3 /* Pokedex.xcdatamodeld in Sources */,
				5B3E72B61F63F7DF004EA6A3 /* AppDelegate.swift in Sources */,
				5B3E72D61F65484B004EA6A3 /* PokeCell.swift in Sources */,
				5B9E369F1F728FB3008E13D9 /* DetailVC.swift in Sources */,
			);
			runOnlyForDeploymentPostprocessing = 0;
		};
/* End PBXSourcesBuildPhase section */

/* Begin PBXVariantGroup section */
		5B3E72B91F63F7DF004EA6A3 /* Main.storyboard */ = {
			isa = PBXVariantGroup;
			children = (
				5B3E72BA1F63F7DF004EA6A3 /* Base */,
			);
			name = Main.storyboard;
			sourceTree = "<group>";
		};
		5B3E72C11F63F7DF004EA6A3 /* LaunchScreen.storyboard */ = {
			isa = PBXVariantGroup;
			children = (
				5B3E72C21F63F7DF004EA6A3 /* Base */,
			);
			name = LaunchScreen.storyboard;
			sourceTree = "<group>";
		};
/* End PBXVariantGroup section */

/* Begin XCBuildConfiguration section */
		5B3E72C51F63F7DF004EA6A3 /* Debug */ = {
			isa = XCBuildConfiguration;
			buildSettings = {
				ALWAYS_SEARCH_USER_PATHS = NO;
				CLANG_ANALYZER_NONNULL = YES;
				CLANG_ANALYZER_NUMBER_OBJECT_CONVERSION = YES_AGGRESSIVE;
				CLANG_CXX_LANGUAGE_STANDARD = "gnu++14";
				CLANG_CXX_LIBRARY = "libc++";
				CLANG_ENABLE_MODULES = YES;
				CLANG_ENABLE_OBJC_ARC = YES;
				CLANG_WARN_BLOCK_CAPTURE_AUTORELEASING = YES;
				CLANG_WARN_BOOL_CONVERSION = YES;
				CLANG_WARN_COMMA = YES;
				CLANG_WARN_CONSTANT_CONVERSION = YES;
				CLANG_WARN_DIRECT_OBJC_ISA_USAGE = YES_ERROR;
				CLANG_WARN_DOCUMENTATION_COMMENTS = YES;
				CLANG_WARN_EMPTY_BODY = YES;
				CLANG_WARN_ENUM_CONVERSION = YES;
				CLANG_WARN_INFINITE_RECURSION = YES;
				CLANG_WARN_INT_CONVERSION = YES;
				CLANG_WARN_NON_LITERAL_NULL_CONVERSION = YES;
				CLANG_WARN_OBJC_LITERAL_CONVERSION = YES;
				CLANG_WARN_OBJC_ROOT_CLASS = YES_ERROR;
				CLANG_WARN_RANGE_LOOP_ANALYSIS = YES;
				CLANG_WARN_STRICT_PROTOTYPES = YES;
				CLANG_WARN_SUSPICIOUS_MOVE = YES;
				CLANG_WARN_UNGUARDED_AVAILABILITY = YES_AGGRESSIVE;
				CLANG_WARN_UNREACHABLE_CODE = YES;
				CLANG_WARN__DUPLICATE_METHOD_MATCH = YES;
				CODE_SIGN_IDENTITY = "iPhone Developer";
				COPY_PHASE_STRIP = NO;
				DEBUG_INFORMATION_FORMAT = dwarf;
				ENABLE_STRICT_OBJC_MSGSEND = YES;
				ENABLE_TESTABILITY = YES;
				GCC_C_LANGUAGE_STANDARD = gnu11;
				GCC_DYNAMIC_NO_PIC = NO;
				GCC_NO_COMMON_BLOCKS = YES;
				GCC_OPTIMIZATION_LEVEL = 0;
				GCC_PREPROCESSOR_DEFINITIONS = (
					"DEBUG=1",
					"$(inherited)",
				);
				GCC_WARN_64_TO_32_BIT_CONVERSION = YES;
				GCC_WARN_ABOUT_RETURN_TYPE = YES_ERROR;
				GCC_WARN_UNDECLARED_SELECTOR = YES;
				GCC_WARN_UNINITIALIZED_AUTOS = YES_AGGRESSIVE;
				GCC_WARN_UNUSED_FUNCTION = YES;
				GCC_WARN_UNUSED_VARIABLE = YES;
				IPHONEOS_DEPLOYMENT_TARGET = 11.0;
				MTL_ENABLE_DEBUG_INFO = YES;
				ONLY_ACTIVE_ARCH = YES;
				SDKROOT = iphoneos;
				SWIFT_ACTIVE_COMPILATION_CONDITIONS = DEBUG;
				SWIFT_OPTIMIZATION_LEVEL = "-Onone";
			};
			name = Debug;
		};
		5B3E72C61F63F7DF004EA6A3 /* Release */ = {
			isa = XCBuildConfiguration;
			buildSettings = {
				ALWAYS_SEARCH_USER_PATHS = NO;
				CLANG_ANALYZER_NONNULL = YES;
				CLANG_ANALYZER_NUMBER_OBJECT_CONVERSION = YES_AGGRESSIVE;
				CLANG_CXX_LANGUAGE_STANDARD = "gnu++14";
				CLANG_CXX_LIBRARY = "libc++";
				CLANG_ENABLE_MODULES = YES;
				CLANG_ENABLE_OBJC_ARC = YES;
				CLANG_WARN_BLOCK_CAPTURE_AUTORELEASING = YES;
				CLANG_WARN_BOOL_CONVERSION = YES;
				CLANG_WARN_COMMA = YES;
				CLANG_WARN_CONSTANT_CONVERSION = YES;
				CLANG_WARN_DIRECT_OBJC_ISA_USAGE = YES_ERROR;
				CLANG_WARN_DOCUMENTATION_COMMENTS = YES;
				CLANG_WARN_EMPTY_BODY = YES;
				CLANG_WARN_ENUM_CONVERSION = YES;
				CLANG_WARN_INFINITE_RECURSION = YES;
				CLANG_WARN_INT_CONVERSION = YES;
				CLANG_WARN_NON_LITERAL_NULL_CONVERSION = YES;
				CLANG_WARN_OBJC_LITERAL_CONVERSION = YES;
				CLANG_WARN_OBJC_ROOT_CLASS = YES_ERROR;
				CLANG_WARN_RANGE_LOOP_ANALYSIS = YES;
				CLANG_WARN_STRICT_PROTOTYPES = YES;
				CLANG_WARN_SUSPICIOUS_MOVE = YES;
				CLANG_WARN_UNGUARDED_AVAILABILITY = YES_AGGRESSIVE;
				CLANG_WARN_UNREACHABLE_CODE = YES;
				CLANG_WARN__DUPLICATE_METHOD_MATCH = YES;
				CODE_SIGN_IDENTITY = "iPhone Developer";
				COPY_PHASE_STRIP = NO;
				DEBUG_INFORMATION_FORMAT = "dwarf-with-dsym";
				ENABLE_NS_ASSERTIONS = NO;
				ENABLE_STRICT_OBJC_MSGSEND = YES;
				GCC_C_LANGUAGE_STANDARD = gnu11;
				GCC_NO_COMMON_BLOCKS = YES;
				GCC_WARN_64_TO_32_BIT_CONVERSION = YES;
				GCC_WARN_ABOUT_RETURN_TYPE = YES_ERROR;
				GCC_WARN_UNDECLARED_SELECTOR = YES;
				GCC_WARN_UNINITIALIZED_AUTOS = YES_AGGRESSIVE;
				GCC_WARN_UNUSED_FUNCTION = YES;
				GCC_WARN_UNUSED_VARIABLE = YES;
				IPHONEOS_DEPLOYMENT_TARGET = 11.0;
				MTL_ENABLE_DEBUG_INFO = NO;
				SDKROOT = iphoneos;
				SWIFT_OPTIMIZATION_LEVEL = "-Owholemodule";
				VALIDATE_PRODUCT = YES;
			};
			name = Release;
		};
		5B3E72C81F63F7DF004EA6A3 /* Debug */ = {
			isa = XCBuildConfiguration;
			buildSettings = {
				ASSETCATALOG_COMPILER_APPICON_NAME = AppIcon;
				DEVELOPMENT_TEAM = EKM82MG69H;
				INFOPLIST_FILE = Pokedex/Info.plist;
				IPHONEOS_DEPLOYMENT_TARGET = 10.3;
				LD_RUNPATH_SEARCH_PATHS = "$(inherited) @executable_path/Frameworks";
				PRODUCT_BUNDLE_IDENTIFIER = com.jb.Pokedex;
				PRODUCT_NAME = "$(TARGET_NAME)";
				SWIFT_VERSION = 4.0;
				TARGETED_DEVICE_FAMILY = "1,2";
			};
			name = Debug;
		};
		5B3E72C91F63F7DF004EA6A3 /* Release */ = {
			isa = XCBuildConfiguration;
			buildSettings = {
				ASSETCATALOG_COMPILER_APPICON_NAME = AppIcon;
				DEVELOPMENT_TEAM = EKM82MG69H;
				INFOPLIST_FILE = Pokedex/Info.plist;
				IPHONEOS_DEPLOYMENT_TARGET = 10.3;
				LD_RUNPATH_SEARCH_PATHS = "$(inherited) @executable_path/Frameworks";
				PRODUCT_BUNDLE_IDENTIFIER = com.jb.Pokedex;
				PRODUCT_NAME = "$(TARGET_NAME)";
				SWIFT_VERSION = 4.0;
				TARGETED_DEVICE_FAMILY = "1,2";
			};
			name = Release;
		};
/* End XCBuildConfiguration section */

/* Begin XCConfigurationList section */
		5B3E72AD1F63F7DF004EA6A3 /* Build configuration list for PBXProject "Pokedex" */ = {
			isa = XCConfigurationList;
			buildConfigurations = (
				5B3E72C51F63F7DF004EA6A3 /* Debug */,
				5B3E72C61F63F7DF004EA6A3 /* Release */,
			);
			defaultConfigurationIsVisible = 0;
			defaultConfigurationName = Release;
		};
		5B3E72C71F63F7DF004EA6A3 /* Build configuration list for PBXNativeTarget "Pokedex" */ = {
			isa = XCConfigurationList;
			buildConfigurations = (
				5B3E72C81F63F7DF004EA6A3 /* Debug */,
				5B3E72C91F63F7DF004EA6A3 /* Release */,
			);
			defaultConfigurationIsVisible = 0;
			defaultConfigurationName = Release;
		};
/* End XCConfigurationList section */

/* Begin XCVersionGroup section */
		5B3E72BC1F63F7DF004EA6A3 /* Pokedex.xcdatamodeld */ = {
			isa = XCVersionGroup;
			children = (
				5B3E72BD1F63F7DF004EA6A3 /* Pokedex.xcdatamodel */,
			);
			currentVersion = 5B3E72BD1F63F7DF004EA6A3 /* Pokedex.xcdatamodel */;
			path = Pokedex.xcdatamodeld;
			sourceTree = "<group>";
			versionGroupType = wrapper.xcdatamodel;
		};
/* End XCVersionGroup section */
	};
	rootObject = 5B3E72AA1F63F7DF004EA6A3 /* Project object */;
}
